<?xml version="1.0" encoding="utf-8"?>
<Project ToolsVersion="17.0" xmlns="http://schemas.microsoft.com/developer/msbuild/2003">
  <ItemGroup>
    <CustomBuild Include="C:\Users\Marius\Desktop\Pybind\vsstudio\CMakeFiles\4292b7b93acd8f8f3867dc0380300753\generate.stamp.rule">
      <Filter>CMake Rules</Filter>
    </CustomBuild>
  </ItemGroup>
  <ItemGroup>
    <Filter Include="CMake Rules">
      <UniqueIdentifier>{176A7F73-C4FE-33B9-A08A-C71B94B60808}</UniqueIdentifier>
    </Filter>
  </ItemGroup>
</Project>
